
Microsoft Visual Studio Solution File, Format Version 12.00
# Visual Studio Version 18
VisualStudioVersion = 18.4.11513.90 insiders
MinimumVisualStudioVersion = 10.0.40219.1
Project("{8BC9CEB8-8B4A-11D0-8D11-00A0C91BC942}") = "GTA-RL", "GTA-RL.vcxproj", "{91286FD9-5B68-4006-BC41-324BEFA537FD}"
EndProject
Global
	GlobalSection(SolutionConfigurationPlatforms) = preSolution
		Debug|x64 = Debug|x64
		Debug|x86 = Debug|x86
		Development|x64 = Development|x64
		Development|x86 = Development|x86
		Release|x64 = Release|x64
		Release|x86 = Release|x86
	EndGlobalSection
	GlobalSection(ProjectConfigurationPlatforms) = postSolution
		{91286FD9-5B68-4006-BC41-324BEFA537FD}.Debug|x64.ActiveCfg = Debug|x64
		{91286FD9-5B68-4006-BC41-324BEFA537FD}.Debug|x64.Build.0 = Debug|x64
		{91286FD9-5B68-4006-BC41-324BEFA537FD}.Debug|x86.ActiveCfg = Debug|Win32
		{91286FD9-5B68-4006-BC41-324BEFA537FD}.Debug|x86.Build.0 = Debug|Win32
		{91286FD9-5B68-4006-BC41-324BEFA537FD}.Development|x64.ActiveCfg = Development|x64
		{91286FD9-5B68-4006-BC41-324BEFA537FD}.Development|x64.Build.0 = Development|x64
		{91286FD9-5B68-4006-BC41-324BEFA537FD}.Development|x86.ActiveCfg = Development|Win32
		{91286FD9-5B68-4006-BC41-324BEFA537FD}.Development|x86.Build.0 = Development|Win32
		{91286FD9-5B68-4006-BC41-324BEFA537FD}.Release|x64.ActiveCfg = Release|x64
		{91286FD9-5B68-4006-BC41-324BEFA537FD}.Release|x64.Build.0 = Release|x64
		{91286FD9-5B68-4006-BC41-324BEFA537FD}.Release|x86.ActiveCfg = Release|Win32
		{91286FD9-5B68-4006-BC41-324BEFA537FD}.Release|x86.Build.0 = Release|Win32
	EndGlobalSection
	GlobalSection(SolutionProperties) = preSolution
		HideSolutionNode = FALSE
	EndGlobalSection
	GlobalSection(ExtensibilityGlobals) = postSolution
		SolutionGuid = {C281FD01-15C8-435E-B477-AA5DAA741AAC}
	EndGlobalSection
EndGlobal
