<?xml version="1.0" encoding="utf-8"?>
<Project ToolsVersion="4.0" xmlns="http://schemas.microsoft.com/developer/msbuild/2003">
  <ItemGroup>
    <Filter Include="Source Files">
      <UniqueIdentifier>{4FC737F1-C7A5-4376-A066-2A32D752A2FF}</UniqueIdentifier>
      <Extensions>cpp;c;cc;cxx;c++;cppm;ixx;def;odl;idl;hpj;bat;asm;asmx</Extensions>
    </Filter>
    <Filter Include="Header Files">
      <UniqueIdentifier>{93995380-89BD-4b04-88EB-625FBE52EBFB}</UniqueIdentifier>
      <Extensions>h;hh;hpp;hxx;h++;hm;inl;inc;ipp;xsd</Extensions>
    </Filter>
  </ItemGroup>
  <ItemGroup>
    <ClInclude Include="gta\game.h">
      <Filter>Header Files</Filter>
    </ClInclude>
    <ClInclude Include="gta\framework.h">
      <Filter>Header Files</Filter>
    </ClInclude>
    <ClInclude Include="gta\ipc.h">
      <Filter>Header Files</Filter>
    </ClInclude>
    <ClInclude Include="gta\launch_debugger.h">
      <Filter>Header Files</Filter>
    </ClInclude>
    <ClInclude Include="gta\vertexbuffers.h">
      <Filter>Header Files</Filter>
    </ClInclude>
    <ClInclude Include="schemas\amalgamated.pb.h">
      <Filter>Header Files</Filter>
    </ClInclude>
    <ClInclude Include="gta\keyboard.h">
      <Filter>Header Files</Filter>
    </ClInclude>
  </ItemGroup>
  <ItemGroup>
    <FxCompile Include="gta\ComputeShader.hlsl">
      <Filter>Source Files</Filter>
    </FxCompile>
  </ItemGroup>
  <ItemGroup>
    <None Include="gta\ComputeShader.hlsl.cppliteral">
      <Filter>Source Files</Filter>
    </None>
  </ItemGroup>
  <ItemGroup>
    <ClCompile Include="gta\dllmain.cpp">
      <Filter>Source Files</Filter>
    </ClCompile>
    <ClCompile Include="schemas\amalgamated.pb.cc">
      <Filter>Source Files</Filter>
    </ClCompile>
  </ItemGroup>
</Project>